# THIS IS AN AUTOGENERATED FILE. DO NOT EDIT THIS FILE DIRECTLY.
# yarn lockfile v1


"@popperjs/core@^2.9.2":
  version "2.11.5"
  resolved "https://registry.npmmirror.com/@popperjs/core/-/core-2.11.5.tgz#db5a11bf66bdab39569719555b0f76e138d7bd64"
  integrity sha512-9X2obfABZuDVLCgPK9aX0a/x4jaOEweTTWE2+9sr0Qqqevj2Uv5XorvusThmc9XGYpS9yI+fhh8RTafBtGposw==

"@vant/icons@^1.8.0":
  version "1.8.0"
  resolved "https://registry.npmmirror.com/@vant/icons/-/icons-1.8.0.tgz#36b13f2e628b533f6523a93a168cf02f07056674"
  integrity sha512-sKfEUo2/CkQFuERxvkuF6mGQZDKu3IQdj5rV9Fm0weJXtchDSSQ+zt8qPCNUEhh9Y8shy5PzxbvAfOOkCwlCXg==

"@vant/popperjs@^1.1.0":
  version "1.2.0"
  resolved "https://registry.npmmirror.com/@vant/popperjs/-/popperjs-1.2.0.tgz#9b56e0a5e66ce9bef8d2f3f5b4cb540cd2143260"
  integrity sha512-YdtVBcNCsZqCBu7vUvpTm9MG4V+Hz5UmCr7UZlNXoYXZbDD238ncqNStw+gQVWySeCY5yAQVOT6deJN5poVe8g==
  dependencies:
    "@popperjs/core" "^2.9.2"

"@vant/use@^1.3.6":
  version "1.4.0"
  resolved "https://registry.npmmirror.com/@vant/use/-/use-1.4.0.tgz#a795ddc7b5f95ab14666b5e8fa628930e712a59e"
  integrity sha512-pW0DuV12cSaChubJYWJiAYkCr257yaxXsrxzluMUQQu7C/hSGtFoAYPI/K5ik2T7/Z+vhSNPpYwQzxI167hN+w==

vant@^3.4.9:
  version "3.4.9"
  resolved "https://registry.npmmirror.com/vant/-/vant-3.4.9.tgz#53ea09b0aa228474fe5a5a6c6bc9f07ba91c6ad9"
  integrity sha512-OXwfL3oDahlEQC4HhaC7TmM9uoPDjAuWi1mR/OLW3JyOvPoCR8YhOtX2M6OQnz3Hnd3l4oWjjASKNGltWiPtjQ==
  dependencies:
    "@vant/icons" "^1.8.0"
    "@vant/popperjs" "^1.1.0"
    "@vant/use" "^1.3.6"
